// !$*UTF8*$!
{
	archiveVersion = 1;
	classes = {
	};
	objectVersion = 51;
	objects = {

/* Begin PBXBuildFile section */
		12D36DC8B3CE3881DB0352AC /* AppDelegate.swift in Sources */ = {isa = PBXBuildFile; fileRef = 80E294FF6FE460F83B447BA7 /* AppDelegate.swift */; };
		1A24DA5ED59BBBA22357CC25 /* Assets.xcassets in Resources */ = {isa = PBXBuildFile; fileRef = 4426A6CDCE19FD44B45F4BF2 /* Assets.xcassets */; };
		2B87C228B216CD71312755BA /* SceneDelegate.swift in Sources */ = {isa = PBXBuildFile; fileRef = 8FF8DBBB8D8CD8F12557EA16 /* SceneDelegate.swift */; };
		872D397E51909A13573F75AC /* AppDelegate.swift in Sources */ = {isa = PBXBuildFile; fileRef = 80E294FF6FE460F83B447BA7 /* AppDelegate.swift */; };
		AA9A6365226B03EFC0CB0250 /* Assets.xcassets in Resources */ = {isa = PBXBuildFile; fileRef = 4426A6CDCE19FD44B45F4BF2 /* Assets.xcassets */; };
		DF41D77B4B45D125BD73F862 /* SceneDelegate.swift in Sources */ = {isa = PBXBuildFile; fileRef = 8FF8DBBB8D8CD8F12557EA16 /* SceneDelegate.swift */; };
/* End PBXBuildFile section */

/* Begin PBXContainerItemProxy section */
		FA91E9C096DCF04F22AFF280 /* PBXContainerItemProxy */ = {
			isa = PBXContainerItemProxy;
			containerPortal = CAE2E9927EDB38A15641A885 /* Project object */;
			proxyType = 1;
			remoteGlobalIDString = 0AADE1CD50FFDE45CEF533B8;
			remoteInfo = RappiDriver;
		};
/* End PBXContainerItemProxy section */

/* Begin PBXFileReference section */
		0D99B91A77B3089341E3B0F9 /* Info.plist */ = {isa = PBXFileReference; lastKnownFileType = text.plist; path = Info.plist; sourceTree = "<group>"; };
		2BA58ADD685E797C9262CFCF /* RappiPerson.app */ = {isa = PBXFileReference; includeInIndex = 0; lastKnownFileType = wrapper.application; path = RappiPerson.app; sourceTree = BUILT_PRODUCTS_DIR; };
		4426A6CDCE19FD44B45F4BF2 /* Assets.xcassets */ = {isa = PBXFileReference; lastKnownFileType = folder.assetcatalog; path = Assets.xcassets; sourceTree = "<group>"; };
		53401FE01EA99AE13C361C8C /* RappiDriverTests.xctest */ = {isa = PBXFileReference; includeInIndex = 0; lastKnownFileType = wrapper.cfbundle; path = RappiDriverTests.xctest; sourceTree = BUILT_PRODUCTS_DIR; };
		672884F4F270E79E722AF552 /* DriverInfo.plist */ = {isa = PBXFileReference; lastKnownFileType = text.plist; path = DriverInfo.plist; sourceTree = "<group>"; };
		80E294FF6FE460F83B447BA7 /* AppDelegate.swift */ = {isa = PBXFileReference; lastKnownFileType = sourcecode.swift; path = AppDelegate.swift; sourceTree = "<group>"; };
		8FF8DBBB8D8CD8F12557EA16 /* SceneDelegate.swift */ = {isa = PBXFileReference; lastKnownFileType = sourcecode.swift; path = SceneDelegate.swift; sourceTree = "<group>"; };
		AC19D48CB1D65FD05A03B9B8 /* PersonInfo.plist */ = {isa = PBXFileReference; lastKnownFileType = text.plist; path = PersonInfo.plist; sourceTree = "<group>"; };
		D6F75E8B7A0AE7D8261D6AE0 /* RappiDriver.app */ = {isa = PBXFileReference; includeInIndex = 0; lastKnownFileType = wrapper.application; path = RappiDriver.app; sourceTree = BUILT_PRODUCTS_DIR; };
/* End PBXFileReference section */

/* Begin PBXGroup section */
		1C2F2F2E16D4EEEB00C9F40E = {
			isa = PBXGroup;
			children = (
				E7D6D6FAF661C565F8B1CA1B /* RappiDriver */,
				ED6455AA94AA874E1AD302C0 /* RappiDriverTests */,
				8CAD04B7FF2A6469F0F4944E /* Products */,
			);
			indentWidth = 4;
			sourceTree = "<group>";
			tabWidth = 4;
		};
		3B051FB7AF9C448CE35CF48A /* Application */ = {
			isa = PBXGroup;
			children = (
				80E294FF6FE460F83B447BA7 /* AppDelegate.swift */,
				4426A6CDCE19FD44B45F4BF2 /* Assets.xcassets */,
				8FF8DBBB8D8CD8F12557EA16 /* SceneDelegate.swift */,
				A63F7CD5FA8DC64F2E38E53F /* Driver */,
				56D1C93FCD0991BCF47C45FB /* Person */,
			);
			path = Application;
			sourceTree = "<group>";
		};
		56D1C93FCD0991BCF47C45FB /* Person */ = {
			isa = PBXGroup;
			children = (
				AC19D48CB1D65FD05A03B9B8 /* PersonInfo.plist */,
			);
			path = Person;
			sourceTree = "<group>";
		};
		8CAD04B7FF2A6469F0F4944E /* Products */ = {
			isa = PBXGroup;
			children = (
				D6F75E8B7A0AE7D8261D6AE0 /* RappiDriver.app */,
				53401FE01EA99AE13C361C8C /* RappiDriverTests.xctest */,
				2BA58ADD685E797C9262CFCF /* RappiPerson.app */,
			);
			name = Products;
			sourceTree = "<group>";
		};
		A63F7CD5FA8DC64F2E38E53F /* Driver */ = {
			isa = PBXGroup;
			children = (
				672884F4F270E79E722AF552 /* DriverInfo.plist */,
			);
			path = Driver;
			sourceTree = "<group>";
		};
		E7D6D6FAF661C565F8B1CA1B /* RappiDriver */ = {
			isa = PBXGroup;
			children = (
				3B051FB7AF9C448CE35CF48A /* Application */,
			);
			path = RappiDriver;
			sourceTree = "<group>";
		};
		ED6455AA94AA874E1AD302C0 /* RappiDriverTests */ = {
			isa = PBXGroup;
			children = (
				0D99B91A77B3089341E3B0F9 /* Info.plist */,
			);
			path = RappiDriverTests;
			sourceTree = "<group>";
		};
/* End PBXGroup section */

/* Begin PBXNativeTarget section */
		0AADE1CD50FFDE45CEF533B8 /* RappiDriver */ = {
			isa = PBXNativeTarget;
			buildConfigurationList = 20DFC101CA50F2B0627F1580 /* Build configuration list for PBXNativeTarget "RappiDriver" */;
			buildPhases = (
				AA2A4CC0D89953D90FD10B82 /* Sources */,
				47A0AF519FB3EE76E20BEF14 /* Resources */,
			);
			buildRules = (
			);
			dependencies = (
			);
			name = RappiDriver;
			productName = RappiDriver;
			productReference = D6F75E8B7A0AE7D8261D6AE0 /* RappiDriver.app */;
			productType = "com.apple.product-type.application";
		};
		1DBF0F5FF96FFD20DC1FE8C5 /* RappiPerson */ = {
			isa = PBXNativeTarget;
			buildConfigurationList = 6F5486CBBE41AF7FB544A90A /* Build configuration list for PBXNativeTarget "RappiPerson" */;
			buildPhases = (
				61472AEFC79AA23188D886BB /* Sources */,
				1F5EE33BE4F96D3B434791C3 /* Resources */,
			);
			buildRules = (
			);
			dependencies = (
			);
			name = RappiPerson;
			productName = RappiPerson;
			productReference = 2BA58ADD685E797C9262CFCF /* RappiPerson.app */;
			productType = "com.apple.product-type.application";
		};
		BBD55FCCDAD10ED617D51D6F /* RappiDriverTests */ = {
			isa = PBXNativeTarget;
			buildConfigurationList = 1918D5991F192518EF801B85 /* Build configuration list for PBXNativeTarget "RappiDriverTests" */;
			buildPhases = (
				FC6966A3E458214A0DC8EC6A /* Sources */,
			);
			buildRules = (
			);
			dependencies = (
				EDF7A7B0D528EE81C49EE46D /* PBXTargetDependency */,
			);
			name = RappiDriverTests;
			productName = RappiDriverTests;
			productReference = 53401FE01EA99AE13C361C8C /* RappiDriverTests.xctest */;
			productType = "com.apple.product-type.bundle.unit-test";
		};
/* End PBXNativeTarget section */

/* Begin PBXProject section */
		CAE2E9927EDB38A15641A885 /* Project object */ = {
			isa = PBXProject;
			attributes = {
				LastUpgradeCheck = 1200;
				TargetAttributes = {
				};
			};
			buildConfigurationList = A50D44D4D94C65666CF2CECD /* Build configuration list for PBXProject "RappiDriver" */;
			compatibilityVersion = "Xcode 11.0";
			developmentRegion = en;
			hasScannedForEncodings = 0;
			knownRegions = (
				Base,
				en,
			);
			mainGroup = 1C2F2F2E16D4EEEB00C9F40E;
			projectDirPath = "";
			projectRoot = "";
			targets = (
				0AADE1CD50FFDE45CEF533B8 /* RappiDriver */,
				BBD55FCCDAD10ED617D51D6F /* RappiDriverTests */,
				1DBF0F5FF96FFD20DC1FE8C5 /* RappiPerson */,
			);
		};
/* End PBXProject section */

/* Begin PBXResourcesBuildPhase section */
		1F5EE33BE4F96D3B434791C3 /* Resources */ = {
			isa = PBXResourcesBuildPhase;
			buildActionMask = 2147483647;
			files = (
				1A24DA5ED59BBBA22357CC25 /* Assets.xcassets in Resources */,
			);
			runOnlyForDeploymentPostprocessing = 0;
		};
		47A0AF519FB3EE76E20BEF14 /* Resources */ = {
			isa = PBXResourcesBuildPhase;
			buildActionMask = 2147483647;
			files = (
				AA9A6365226B03EFC0CB0250 /* Assets.xcassets in Resources */,
			);
			runOnlyForDeploymentPostprocessing = 0;
		};
/* End PBXResourcesBuildPhase section */

/* Begin PBXSourcesBuildPhase section */
		61472AEFC79AA23188D886BB /* Sources */ = {
			isa = PBXSourcesBuildPhase;
			buildActionMask = 2147483647;
			files = (
				12D36DC8B3CE3881DB0352AC /* AppDelegate.swift in Sources */,
				2B87C228B216CD71312755BA /* SceneDelegate.swift in Sources */,
			);
			runOnlyForDeploymentPostprocessing = 0;
		};
		AA2A4CC0D89953D90FD10B82 /* Sources */ = {
			isa = PBXSourcesBuildPhase;
			buildActionMask = 2147483647;
			files = (
				872D397E51909A13573F75AC /* AppDelegate.swift in Sources */,
				DF41D77B4B45D125BD73F862 /* SceneDelegate.swift in Sources */,
			);
			runOnlyForDeploymentPostprocessing = 0;
		};
		FC6966A3E458214A0DC8EC6A /* Sources */ = {
			isa = PBXSourcesBuildPhase;
			buildActionMask = 2147483647;
			files = (
			);
			runOnlyForDeploymentPostprocessing = 0;
		};
/* End PBXSourcesBuildPhase section */

/* Begin PBXTargetDependency section */
		EDF7A7B0D528EE81C49EE46D /* PBXTargetDependency */ = {
			isa = PBXTargetDependency;
			target = 0AADE1CD50FFDE45CEF533B8 /* RappiDriver */;
			targetProxy = FA91E9C096DCF04F22AFF280 /* PBXContainerItemProxy */;
		};
/* End PBXTargetDependency section */

/* Begin XCBuildConfiguration section */
		0C6CE67E311EC409251B6BF8 /* release */ = {
			isa = XCBuildConfiguration;
			buildSettings = {
				APIKey = "e1e6a5e2-c231-4374-a8eb-ab624aa5a8c5";
				ASSETCATALOG_COMPILER_APPICON_NAME = AppIcon;
				CODE_SIGN_IDENTITY = "iPhone Developer";
				INFOPLIST_FILE = RappiDriver/Application/Person/PersonInfo.plist;
				IS_PERSON = 1;
				LD_RUNPATH_SEARCH_PATHS = (
					"$(inherited)",
					"@executable_path/Frameworks",
				);
				ONLY_ACTIVE_ARCH = YES;
				PRODUCT_BUNDLE_IDENTIFIER = com.rappidriver.person;
				PRODUCT_NAME = RappiPerson;
				SDKROOT = iphoneos;
				TARGETED_DEVICE_FAMILY = "1,2";
			};
			name = release;
		};
		1D807E8EE62075596CB9061A /* homolog */ = {
			isa = XCBuildConfiguration;
			buildSettings = {
				BUNDLE_LOADER = "$(TEST_HOST)";
				INFOPLIST_FILE = RappiDriverTests/Info.plist;
				LD_RUNPATH_SEARCH_PATHS = (
					"$(inherited)",
					"@executable_path/Frameworks",
					"@loader_path/Frameworks",
				);
				ONLY_ACTIVE_ARCH = YES;
				PRODUCT_BUNDLE_IDENTIFIER = com.rappidriver.RappiDriverTests;
				SDKROOT = iphoneos;
				TARGETED_DEVICE_FAMILY = 1;
				TEST_HOST = "$(BUILT_PRODUCTS_DIR)/RappiDriver.app/RappiDriver";
			};
			name = homolog;
		};
		27EB9DBD565434DBD069C8A1 /* develop */ = {
			isa = XCBuildConfiguration;
			buildSettings = {
				ALWAYS_SEARCH_USER_PATHS = NO;
				BASE_URL = "https://app.r3tecnologia.net";
				BASE_URL_SSO = "https://sso.r3tecnologia.net";
				CLANG_ANALYZER_NONNULL = YES;
				CLANG_ANALYZER_NUMBER_OBJECT_CONVERSION = YES_AGGRESSIVE;
				CLANG_CXX_LANGUAGE_STANDARD = "gnu++14";
				CLANG_CXX_LIBRARY = "libc++";
				CLANG_ENABLE_MODULES = YES;
				CLANG_ENABLE_OBJC_ARC = YES;
				CLANG_ENABLE_OBJC_WEAK = YES;
				CLANG_WARN_BLOCK_CAPTURE_AUTORELEASING = YES;
				CLANG_WARN_BOOL_CONVERSION = YES;
				CLANG_WARN_COMMA = YES;
				CLANG_WARN_CONSTANT_CONVERSION = YES;
				CLANG_WARN_DEPRECATED_OBJC_IMPLEMENTATIONS = YES;
				CLANG_WARN_DIRECT_OBJC_ISA_USAGE = YES_ERROR;
				CLANG_WARN_DOCUMENTATION_COMMENTS = YES;
				CLANG_WARN_EMPTY_BODY = YES;
				CLANG_WARN_ENUM_CONVERSION = YES;
				CLANG_WARN_INFINITE_RECURSION = YES;
				CLANG_WARN_INT_CONVERSION = YES;
				CLANG_WARN_NON_LITERAL_NULL_CONVERSION = YES;
				CLANG_WARN_OBJC_IMPLICIT_RETAIN_SELF = YES;
				CLANG_WARN_OBJC_LITERAL_CONVERSION = YES;
				CLANG_WARN_OBJC_ROOT_CLASS = YES_ERROR;
				CLANG_WARN_QUOTED_INCLUDE_IN_FRAMEWORK_HEADER = YES;
				CLANG_WARN_RANGE_LOOP_ANALYSIS = YES;
				CLANG_WARN_STRICT_PROTOTYPES = YES;
				CLANG_WARN_SUSPICIOUS_MOVE = YES;
				CLANG_WARN_UNGUARDED_AVAILABILITY = YES_AGGRESSIVE;
				CLANG_WARN_UNREACHABLE_CODE = YES;
				CLANG_WARN__DUPLICATE_METHOD_MATCH = YES;
				COPY_PHASE_STRIP = NO;
				CURRENT_PROJECT_VERSION = 8;
				DEBUG_INFORMATION_FORMAT = dwarf;
				ENABLE_STRICT_OBJC_MSGSEND = YES;
				ENABLE_TESTABILITY = YES;
				GCC_C_LANGUAGE_STANDARD = gnu11;
				GCC_DYNAMIC_NO_PIC = NO;
				GCC_NO_COMMON_BLOCKS = YES;
				GCC_OPTIMIZATION_LEVEL = 0;
				GCC_PREPROCESSOR_DEFINITIONS = (
					"$(inherited)",
					"DEBUG=1",
				);
				GCC_WARN_64_TO_32_BIT_CONVERSION = YES;
				GCC_WARN_ABOUT_RETURN_TYPE = YES_ERROR;
				GCC_WARN_UNDECLARED_SELECTOR = YES;
				GCC_WARN_UNINITIALIZED_AUTOS = YES_AGGRESSIVE;
				GCC_WARN_UNUSED_FUNCTION = YES;
				GCC_WARN_UNUSED_VARIABLE = YES;
				IPHONEOS_DEPLOYMENT_TARGET = 13.0;
				IS_MOCK = 1;
				MARKETING_VERSION = 0.1.0;
				MTL_ENABLE_DEBUG_INFO = INCLUDE_SOURCE;
				MTL_FAST_MATH = YES;
				ONLY_ACTIVE_ARCH = YES;
				PRODUCT_NAME = "$(TARGET_NAME)";
				SDKROOT = iphoneos;
				SWIFT_ACTIVE_COMPILATION_CONDITIONS = DEBUG;
				SWIFT_OPTIMIZATION_LEVEL = "-Onone";
				SWIFT_VERSION = 5.0;
			};
			name = develop;
		};
		455C29FF97A4BA38764AB35D /* homolog */ = {
			isa = XCBuildConfiguration;
			buildSettings = {
				ALWAYS_SEARCH_USER_PATHS = NO;
				BASE_URL = "https://app.r3tecnologia.net";
				BASE_URL_SSO = "https://sso.r3tecnologia.net";
				CLANG_ANALYZER_NONNULL = YES;
				CLANG_ANALYZER_NUMBER_OBJECT_CONVERSION = YES_AGGRESSIVE;
				CLANG_CXX_LANGUAGE_STANDARD = "gnu++14";
				CLANG_CXX_LIBRARY = "libc++";
				CLANG_ENABLE_MODULES = YES;
				CLANG_ENABLE_OBJC_ARC = YES;
				CLANG_ENABLE_OBJC_WEAK = YES;
				CLANG_WARN_BLOCK_CAPTURE_AUTORELEASING = YES;
				CLANG_WARN_BOOL_CONVERSION = YES;
				CLANG_WARN_COMMA = YES;
				CLANG_WARN_CONSTANT_CONVERSION = YES;
				CLANG_WARN_DEPRECATED_OBJC_IMPLEMENTATIONS = YES;
				CLANG_WARN_DIRECT_OBJC_ISA_USAGE = YES_ERROR;
				CLANG_WARN_DOCUMENTATION_COMMENTS = YES;
				CLANG_WARN_EMPTY_BODY = YES;
				CLANG_WARN_ENUM_CONVERSION = YES;
				CLANG_WARN_INFINITE_RECURSION = YES;
				CLANG_WARN_INT_CONVERSION = YES;
				CLANG_WARN_NON_LITERAL_NULL_CONVERSION = YES;
				CLANG_WARN_OBJC_IMPLICIT_RETAIN_SELF = YES;
				CLANG_WARN_OBJC_LITERAL_CONVERSION = YES;
				CLANG_WARN_OBJC_ROOT_CLASS = YES_ERROR;
				CLANG_WARN_QUOTED_INCLUDE_IN_FRAMEWORK_HEADER = YES;
				CLANG_WARN_RANGE_LOOP_ANALYSIS = YES;
				CLANG_WARN_STRICT_PROTOTYPES = YES;
				CLANG_WARN_SUSPICIOUS_MOVE = YES;
				CLANG_WARN_UNGUARDED_AVAILABILITY = YES_AGGRESSIVE;
				CLANG_WARN_UNREACHABLE_CODE = YES;
				CLANG_WARN__DUPLICATE_METHOD_MATCH = YES;
				COPY_PHASE_STRIP = NO;
				CURRENT_PROJECT_VERSION = 8;
				DEBUG_INFORMATION_FORMAT = "dwarf-with-dsym";
				ENABLE_STRICT_OBJC_MSGSEND = YES;
				ENABLE_TESTABILITY = YES;
				GCC_C_LANGUAGE_STANDARD = gnu11;
				GCC_DYNAMIC_NO_PIC = NO;
				GCC_NO_COMMON_BLOCKS = YES;
				GCC_OPTIMIZATION_LEVEL = 0;
				GCC_PREPROCESSOR_DEFINITIONS = (
					"$(inherited)",
					"DEBUG=1",
				);
				GCC_WARN_64_TO_32_BIT_CONVERSION = YES;
				GCC_WARN_ABOUT_RETURN_TYPE = YES_ERROR;
				GCC_WARN_UNDECLARED_SELECTOR = YES;
				GCC_WARN_UNINITIALIZED_AUTOS = YES_AGGRESSIVE;
				GCC_WARN_UNUSED_FUNCTION = YES;
				GCC_WARN_UNUSED_VARIABLE = YES;
				IPHONEOS_DEPLOYMENT_TARGET = 13.0;
				IS_MOCK = 0;
				MARKETING_VERSION = 0.1.0;
				MTL_ENABLE_DEBUG_INFO = INCLUDE_SOURCE;
				MTL_FAST_MATH = YES;
				ONLY_ACTIVE_ARCH = YES;
				PRODUCT_NAME = "$(TARGET_NAME)";
				SDKROOT = iphoneos;
				SWIFT_ACTIVE_COMPILATION_CONDITIONS = DEBUG;
				SWIFT_OPTIMIZATION_LEVEL = "-Onone";
				SWIFT_VERSION = 5.0;
			};
			name = homolog;
		};
		521C3FF8760B45226D260538 /* develop */ = {
			isa = XCBuildConfiguration;
			buildSettings = {
				APIKey = "6019e9bf-5963-43b6-b65d-837c2d000602";
				ASSETCATALOG_COMPILER_APPICON_NAME = AppIcon;
				CODE_SIGN_IDENTITY = "iPhone Developer";
				INFOPLIST_FILE = RappiDriver/Application/Person/PersonInfo.plist;
				IS_PERSON = 1;
				LD_RUNPATH_SEARCH_PATHS = (
					"$(inherited)",
					"@executable_path/Frameworks",
				);
				ONLY_ACTIVE_ARCH = YES;
				PRODUCT_BUNDLE_IDENTIFIER = com.rappidriver.person;
				PRODUCT_NAME = RappiPerson;
				SDKROOT = iphoneos;
				TARGETED_DEVICE_FAMILY = "1,2";
			};
			name = develop;
		};
		6A8F2C87916B61D3DB232F83 /* develop */ = {
			isa = XCBuildConfiguration;
			buildSettings = {
				BUNDLE_LOADER = "$(TEST_HOST)";
				INFOPLIST_FILE = RappiDriverTests/Info.plist;
				LD_RUNPATH_SEARCH_PATHS = (
					"$(inherited)",
					"@executable_path/Frameworks",
					"@loader_path/Frameworks",
				);
				ONLY_ACTIVE_ARCH = YES;
				PRODUCT_BUNDLE_IDENTIFIER = com.rappidriver.RappiDriverTests;
				SDKROOT = iphoneos;
				TARGETED_DEVICE_FAMILY = 1;
				TEST_HOST = "$(BUILT_PRODUCTS_DIR)/RappiDriver.app/RappiDriver";
			};
			name = develop;
		};
		8215DAFD1AFA8212B0F749B7 /* develop */ = {
			isa = XCBuildConfiguration;
			buildSettings = {
				APIKey = "6019e9bf-5963-43b6-b65d-837c2d000602";
				ASSETCATALOG_COMPILER_APPICON_NAME = AppIcon;
				CODE_SIGN_IDENTITY = "iPhone Developer";
				INFOPLIST_FILE = RappiDriver/Application/Driver/DriverInfo.plist;
				IS_PERSON = 0;
				LD_RUNPATH_SEARCH_PATHS = (
					"$(inherited)",
					"@executable_path/Frameworks",
				);
				ONLY_ACTIVE_ARCH = YES;
				PRODUCT_BUNDLE_IDENTIFIER = com.rappidriver.driver;
				PRODUCT_NAME = RappiDriver;
				SDKROOT = iphoneos;
				TARGETED_DEVICE_FAMILY = "1,2";
			};
			name = develop;
		};
		9214DC028D7A8EAE23230ECE /* homolog */ = {
			isa = XCBuildConfiguration;
			buildSettings = {
				APIKey = "2793f7d2-88d8-4e99-9c4a-6e5ad38eb615";
				ASSETCATALOG_COMPILER_APPICON_NAME = AppIcon;
				CODE_SIGN_IDENTITY = "iPhone Developer";
				INFOPLIST_FILE = RappiDriver/Application/Driver/DriverInfo.plist;
				IS_PERSON = 0;
				LD_RUNPATH_SEARCH_PATHS = (
					"$(inherited)",
					"@executable_path/Frameworks",
				);
				ONLY_ACTIVE_ARCH = YES;
				PRODUCT_BUNDLE_IDENTIFIER = com.rappidriver.driver;
				PRODUCT_NAME = RappiDriver;
				SDKROOT = iphoneos;
				TARGETED_DEVICE_FAMILY = "1,2";
			};
			name = homolog;
		};
		B12176ECEBC6232D73A8D20D /* release */ = {
			isa = XCBuildConfiguration;
			buildSettings = {
				ALWAYS_SEARCH_USER_PATHS = NO;
				BASE_URL = "https://app.r3tecnologia.net";
				BASE_URL_SSO = "https://sso.r3tecnologia.net";
				CLANG_ANALYZER_NONNULL = YES;
				CLANG_ANALYZER_NUMBER_OBJECT_CONVERSION = YES_AGGRESSIVE;
				CLANG_CXX_LANGUAGE_STANDARD = "gnu++14";
				CLANG_CXX_LIBRARY = "libc++";
				CLANG_ENABLE_MODULES = YES;
				CLANG_ENABLE_OBJC_ARC = YES;
				CLANG_ENABLE_OBJC_WEAK = YES;
				CLANG_WARN_BLOCK_CAPTURE_AUTORELEASING = YES;
				CLANG_WARN_BOOL_CONVERSION = YES;
				CLANG_WARN_COMMA = YES;
				CLANG_WARN_CONSTANT_CONVERSION = YES;
				CLANG_WARN_DEPRECATED_OBJC_IMPLEMENTATIONS = YES;
				CLANG_WARN_DIRECT_OBJC_ISA_USAGE = YES_ERROR;
				CLANG_WARN_DOCUMENTATION_COMMENTS = YES;
				CLANG_WARN_EMPTY_BODY = YES;
				CLANG_WARN_ENUM_CONVERSION = YES;
				CLANG_WARN_INFINITE_RECURSION = YES;
				CLANG_WARN_INT_CONVERSION = YES;
				CLANG_WARN_NON_LITERAL_NULL_CONVERSION = YES;
				CLANG_WARN_OBJC_IMPLICIT_RETAIN_SELF = YES;
				CLANG_WARN_OBJC_LITERAL_CONVERSION = YES;
				CLANG_WARN_OBJC_ROOT_CLASS = YES_ERROR;
				CLANG_WARN_QUOTED_INCLUDE_IN_FRAMEWORK_HEADER = YES;
				CLANG_WARN_RANGE_LOOP_ANALYSIS = YES;
				CLANG_WARN_STRICT_PROTOTYPES = YES;
				CLANG_WARN_SUSPICIOUS_MOVE = YES;
				CLANG_WARN_UNGUARDED_AVAILABILITY = YES_AGGRESSIVE;
				CLANG_WARN_UNREACHABLE_CODE = YES;
				CLANG_WARN__DUPLICATE_METHOD_MATCH = YES;
				COPY_PHASE_STRIP = NO;
				CURRENT_PROJECT_VERSION = 8;
				DEBUG_INFORMATION_FORMAT = "dwarf-with-dsym";
				ENABLE_NS_ASSERTIONS = NO;
				ENABLE_STRICT_OBJC_MSGSEND = YES;
				GCC_C_LANGUAGE_STANDARD = gnu11;
				GCC_NO_COMMON_BLOCKS = YES;
				GCC_WARN_64_TO_32_BIT_CONVERSION = YES;
				GCC_WARN_ABOUT_RETURN_TYPE = YES_ERROR;
				GCC_WARN_UNDECLARED_SELECTOR = YES;
				GCC_WARN_UNINITIALIZED_AUTOS = YES_AGGRESSIVE;
				GCC_WARN_UNUSED_FUNCTION = YES;
				GCC_WARN_UNUSED_VARIABLE = YES;
				IPHONEOS_DEPLOYMENT_TARGET = 13.0;
				IS_MOCK = 0;
				MARKETING_VERSION = 0.1.0;
				MTL_ENABLE_DEBUG_INFO = NO;
				MTL_FAST_MATH = YES;
				PRODUCT_NAME = "$(TARGET_NAME)";
				SDKROOT = iphoneos;
				SWIFT_COMPILATION_MODE = wholemodule;
				SWIFT_OPTIMIZATION_LEVEL = "-O";
				SWIFT_VERSION = 5.0;
			};
			name = release;
		};
		C822DA2076F20AC806E78E9E /* homolog */ = {
			isa = XCBuildConfiguration;
			buildSettings = {
				APIKey = "2793f7d2-88d8-4e99-9c4a-6e5ad38eb615";
				ASSETCATALOG_COMPILER_APPICON_NAME = AppIcon;
				CODE_SIGN_IDENTITY = "iPhone Developer";
				INFOPLIST_FILE = RappiDriver/Application/Person/PersonInfo.plist;
				IS_PERSON = 1;
				LD_RUNPATH_SEARCH_PATHS = (
					"$(inherited)",
					"@executable_path/Frameworks",
				);
				ONLY_ACTIVE_ARCH = YES;
				PRODUCT_BUNDLE_IDENTIFIER = com.rappidriver.person;
				PRODUCT_NAME = RappiPerson;
				SDKROOT = iphoneos;
				TARGETED_DEVICE_FAMILY = "1,2";
			};
			name = homolog;
		};
		E85AD10D87BAD4C88626D05E /* release */ = {
			isa = XCBuildConfiguration;
			buildSettings = {
				BUNDLE_LOADER = "$(TEST_HOST)";
				INFOPLIST_FILE = RappiDriverTests/Info.plist;
				LD_RUNPATH_SEARCH_PATHS = (
					"$(inherited)",
					"@executable_path/Frameworks",
					"@loader_path/Frameworks",
				);
				ONLY_ACTIVE_ARCH = YES;
				PRODUCT_BUNDLE_IDENTIFIER = com.rappidriver.RappiDriverTests;
				SDKROOT = iphoneos;
				TARGETED_DEVICE_FAMILY = 1;
				TEST_HOST = "$(BUILT_PRODUCTS_DIR)/RappiDriver.app/RappiDriver";
			};
			name = release;
		};
		F64CA6860E41B91AE4693824 /* release */ = {
			isa = XCBuildConfiguration;
			buildSettings = {
				APIKey = "e1e6a5e2-c231-4374-a8eb-ab624aa5a8c5";
				ASSETCATALOG_COMPILER_APPICON_NAME = AppIcon;
				CODE_SIGN_IDENTITY = "iPhone Developer";
				INFOPLIST_FILE = RappiDriver/Application/Driver/DriverInfo.plist;
				IS_PERSON = 0;
				LD_RUNPATH_SEARCH_PATHS = (
					"$(inherited)",
					"@executable_path/Frameworks",
				);
				ONLY_ACTIVE_ARCH = YES;
				PRODUCT_BUNDLE_IDENTIFIER = com.rappidriver.driver;
				PRODUCT_NAME = RappiDriver;
				SDKROOT = iphoneos;
				TARGETED_DEVICE_FAMILY = "1,2";
			};
			name = release;
		};
/* End XCBuildConfiguration section */

/* Begin XCConfigurationList section */
		1918D5991F192518EF801B85 /* Build configuration list for PBXNativeTarget "RappiDriverTests" */ = {
			isa = XCConfigurationList;
			buildConfigurations = (
				6A8F2C87916B61D3DB232F83 /* develop */,
				1D807E8EE62075596CB9061A /* homolog */,
				E85AD10D87BAD4C88626D05E /* release */,
			);
			defaultConfigurationIsVisible = 0;
			defaultConfigurationName = develop;
		};
		20DFC101CA50F2B0627F1580 /* Build configuration list for PBXNativeTarget "RappiDriver" */ = {
			isa = XCConfigurationList;
			buildConfigurations = (
				8215DAFD1AFA8212B0F749B7 /* develop */,
				9214DC028D7A8EAE23230ECE /* homolog */,
				F64CA6860E41B91AE4693824 /* release */,
			);
			defaultConfigurationIsVisible = 0;
			defaultConfigurationName = develop;
		};
		6F5486CBBE41AF7FB544A90A /* Build configuration list for PBXNativeTarget "RappiPerson" */ = {
			isa = XCConfigurationList;
			buildConfigurations = (
				521C3FF8760B45226D260538 /* develop */,
				C822DA2076F20AC806E78E9E /* homolog */,
				0C6CE67E311EC409251B6BF8 /* release */,
			);
			defaultConfigurationIsVisible = 0;
			defaultConfigurationName = develop;
		};
		A50D44D4D94C65666CF2CECD /* Build configuration list for PBXProject "RappiDriver" */ = {
			isa = XCConfigurationList;
			buildConfigurations = (
				27EB9DBD565434DBD069C8A1 /* develop */,
				455C29FF97A4BA38764AB35D /* homolog */,
				B12176ECEBC6232D73A8D20D /* release */,
			);
			defaultConfigurationIsVisible = 0;
			defaultConfigurationName = develop;
		};
/* End XCConfigurationList section */
	};
	rootObject = CAE2E9927EDB38A15641A885 /* Project object */;
}
